// !$*UTF8*$!
{
	archiveVersion = 1;
	classes = {
	};
	objectVersion = 55;
	objects = {

/* Begin PBXBuildFile section */
		162C37A12A4233C500EE8260 /* Int+Extention.swift in Sources */ = {isa = PBXBuildFile; fileRef = 162C37A02A4233C500EE8260 /* Int+Extention.swift */; };
		162E45D32A470F6700256862 /* AddStudyTypeTableViewCell.swift in Sources */ = {isa = PBXBuildFile; fileRef = 162E45D12A470F6700256862 /* AddStudyTypeTableViewCell.swift */; };
		162E45D42A470F6700256862 /* AddStudyTypeTableViewCell.xib in Resources */ = {isa = PBXBuildFile; fileRef = 162E45D22A470F6700256862 /* AddStudyTypeTableViewCell.xib */; };
		162E7F6F2A4F52FB00AF54CD /* ContentCollectionViewCell.swift in Sources */ = {isa = PBXBuildFile; fileRef = 162E7F6E2A4F52FB00AF54CD /* ContentCollectionViewCell.swift */; };
		1638C1672D4216A200EC08C6 /* PostModel.swift in Sources */ = {isa = PBXBuildFile; fileRef = 1638C1662D4216A200EC08C6 /* PostModel.swift */; };
		1638C1692D42178D00EC08C6 /* Study+Extention.swift in Sources */ = {isa = PBXBuildFile; fileRef = 1638C1682D42178D00EC08C6 /* Study+Extention.swift */; };
		1638C16B2D421CE700EC08C6 /* Content+Extention.swift in Sources */ = {isa = PBXBuildFile; fileRef = 1638C16A2D421CE700EC08C6 /* Content+Extention.swift */; };
		1638C16E2D4225BF00EC08C6 /* StudyRepository.swift in Sources */ = {isa = PBXBuildFile; fileRef = 1638C16D2D4225BF00EC08C6 /* StudyRepository.swift */; };
		1638C1A52D42387D00EC08C6 /* MockStudyRepository.swift in Sources */ = {isa = PBXBuildFile; fileRef = 1638C16F2D422D5300EC08C6 /* MockStudyRepository.swift */; };
		1638C1E62D425B2100EC08C6 /* CoreDataTests.swift in Sources */ = {isa = PBXBuildFile; fileRef = 1638C1E52D425B2100EC08C6 /* CoreDataTests.swift */; };
		1638C1EB2D438F1700EC08C6 /* CrawlingTests.swift in Sources */ = {isa = PBXBuildFile; fileRef = 1638C1EA2D438F1700EC08C6 /* CrawlingTests.swift */; };
		1638C1EC2D43930900EC08C6 /* TestCoreDataManager.swift in Sources */ = {isa = PBXBuildFile; fileRef = 1638C1E32D4243A500EC08C6 /* TestCoreDataManager.swift */; };
		165488852A5BF14100A9925E /* ViewController+Extension.swift in Sources */ = {isa = PBXBuildFile; fileRef = 165488842A5BF14100A9925E /* ViewController+Extension.swift */; };
		166DEC7B2A3C470700A59B8F /* ShareContentViewController.swift in Sources */ = {isa = PBXBuildFile; fileRef = 166DEC7A2A3C470700A59B8F /* ShareContentViewController.swift */; };
		166DEC7D2A3C471D00A59B8F /* ShareContentViewController.storyboard in Resources */ = {isa = PBXBuildFile; fileRef = 166DEC7C2A3C471D00A59B8F /* ShareContentViewController.storyboard */; };
		166DEC7F2A3C500E00A59B8F /* ShareContentViewModel.swift in Sources */ = {isa = PBXBuildFile; fileRef = 166DEC7E2A3C500E00A59B8F /* ShareContentViewModel.swift */; };
		169A020B29ACD4ED00C1B47B /* AppDelegate.swift in Sources */ = {isa = PBXBuildFile; fileRef = 169A020A29ACD4ED00C1B47B /* AppDelegate.swift */; };
		169A020D29ACD4ED00C1B47B /* SceneDelegate.swift in Sources */ = {isa = PBXBuildFile; fileRef = 169A020C29ACD4ED00C1B47B /* SceneDelegate.swift */; };
		169A021429ACD4EE00C1B47B /* Assets.xcassets in Resources */ = {isa = PBXBuildFile; fileRef = 169A021329ACD4EE00C1B47B /* Assets.xcassets */; };
		169A021729ACD4EE00C1B47B /* LaunchScreen.storyboard in Resources */ = {isa = PBXBuildFile; fileRef = 169A021529ACD4EE00C1B47B /* LaunchScreen.storyboard */; };
		169A022029ACD54700C1B47B /* Intro.storyboard in Resources */ = {isa = PBXBuildFile; fileRef = 169A021F29ACD54700C1B47B /* Intro.storyboard */; };
		169A022229ACD55300C1B47B /* IntroViewController.swift in Sources */ = {isa = PBXBuildFile; fileRef = 169A022129ACD55300C1B47B /* IntroViewController.swift */; };
		169A022629ACD6D700C1B47B /* SignUp.storyboard in Resources */ = {isa = PBXBuildFile; fileRef = 169A022529ACD6D700C1B47B /* SignUp.storyboard */; };
		169A022829ACD6DF00C1B47B /* SignIn.storyboard in Resources */ = {isa = PBXBuildFile; fileRef = 169A022729ACD6DF00C1B47B /* SignIn.storyboard */; };
		169A022A29ACD6ED00C1B47B /* SignUpViewController.swift in Sources */ = {isa = PBXBuildFile; fileRef = 169A022929ACD6ED00C1B47B /* SignUpViewController.swift */; };
		169A022C29ACD6F600C1B47B /* SignInViewController.swift in Sources */ = {isa = PBXBuildFile; fileRef = 169A022B29ACD6F600C1B47B /* SignInViewController.swift */; };
		169A022F29ACDA4800C1B47B /* StudyListViewController.storyboard in Resources */ = {isa = PBXBuildFile; fileRef = 169A022E29ACDA4800C1B47B /* StudyListViewController.storyboard */; };
		169A023129ACDA5000C1B47B /* StudyListViewController.swift in Sources */ = {isa = PBXBuildFile; fileRef = 169A023029ACDA5000C1B47B /* StudyListViewController.swift */; };
		169A023429ACE1C300C1B47B /* AddStudyViewController.storyboard in Resources */ = {isa = PBXBuildFile; fileRef = 169A023329ACE1C300C1B47B /* AddStudyViewController.storyboard */; };
		169A023629ACE1D300C1B47B /* AddStudyViewController.swift in Sources */ = {isa = PBXBuildFile; fileRef = 169A023529ACE1D300C1B47B /* AddStudyViewController.swift */; };
		16B535082A34DA8F0030287C /* Date+Extention.swift in Sources */ = {isa = PBXBuildFile; fileRef = 16B535072A34DA8F0030287C /* Date+Extention.swift */; };
		16B5350A2A34E35B0030287C /* String+Extention.swift in Sources */ = {isa = PBXBuildFile; fileRef = 16B535092A34E35B0030287C /* String+Extention.swift */; };
		16B535132A36FA3A0030287C /* UITableViewCell+Extention.swift in Sources */ = {isa = PBXBuildFile; fileRef = 16B535122A36FA3A0030287C /* UITableViewCell+Extention.swift */; };
		16C2FA0C2A61417E00A58AF3 /* SnapKit in Frameworks */ = {isa = PBXBuildFile; productRef = 16C2FA0B2A61417E00A58AF3 /* SnapKit */; };
		16C2FA0F2A6141CE00A58AF3 /* Then in Frameworks */ = {isa = PBXBuildFile; productRef = 16C2FA0E2A6141CE00A58AF3 /* Then */; };
		16C2FA122A6153A500A58AF3 /* LookinServer in Frameworks */ = {isa = PBXBuildFile; productRef = 16C2FA112A6153A500A58AF3 /* LookinServer */; };
		16C2FA142A6187F200A58AF3 /* NewContentViewModel.swift in Sources */ = {isa = PBXBuildFile; fileRef = 16C2FA132A6187F200A58AF3 /* NewContentViewModel.swift */; };
		16CFAFD22A13853700D49904 /* SwiftSoup in Frameworks */ = {isa = PBXBuildFile; productRef = 16CFAFD12A13853700D49904 /* SwiftSoup */; };
		16CFAFD52A13854B00D49904 /* Alamofire in Frameworks */ = {isa = PBXBuildFile; productRef = 16CFAFD42A13854B00D49904 /* Alamofire */; };
		16CFAFDB2A138C2A00D49904 /* CrawlingManager.swift in Sources */ = {isa = PBXBuildFile; fileRef = 16CFAFDA2A138C2A00D49904 /* CrawlingManager.swift */; };
		16CFAFE82A1395ED00D49904 /* AddAnnouncementTableViewCell.swift in Sources */ = {isa = PBXBuildFile; fileRef = 16CFAFE62A1395ED00D49904 /* AddAnnouncementTableViewCell.swift */; };
		16CFAFE92A1395ED00D49904 /* AddAnnouncementTableViewCell.xib in Resources */ = {isa = PBXBuildFile; fileRef = 16CFAFE72A1395ED00D49904 /* AddAnnouncementTableViewCell.xib */; };
		16CFAFEC2A13C78100D49904 /* AddCommonSetInfoTableViewCell.swift in Sources */ = {isa = PBXBuildFile; fileRef = 16CFAFEA2A13C78100D49904 /* AddCommonSetInfoTableViewCell.swift */; };
		16CFAFED2A13C78100D49904 /* AddCommonSetInfoTableViewCell.xib in Resources */ = {isa = PBXBuildFile; fileRef = 16CFAFEB2A13C78100D49904 /* AddCommonSetInfoTableViewCell.xib */; };
		16CFAFF62A14ABAE00D49904 /* StudyDetailViewModel.swift in Sources */ = {isa = PBXBuildFile; fileRef = 16CFAFF52A14ABAE00D49904 /* StudyDetailViewModel.swift */; };
		16CFAFFA2A14BC9200D49904 /* StudyListViewModel.swift in Sources */ = {isa = PBXBuildFile; fileRef = 16CFAFF92A14BC9200D49904 /* StudyListViewModel.swift */; };
		16CFB0032A14EA6000D49904 /* StudyListTableViewCell.swift in Sources */ = {isa = PBXBuildFile; fileRef = 16CFB0012A14EA6000D49904 /* StudyListTableViewCell.swift */; };
		16CFB0042A14EA6000D49904 /* StudyListTableViewCell.xib in Resources */ = {isa = PBXBuildFile; fileRef = 16CFB0022A14EA6000D49904 /* StudyListTableViewCell.xib */; };
		16E2ABC02A6ED9EC00642656 /* StudyMemberInfoView.swift in Sources */ = {isa = PBXBuildFile; fileRef = 16E2ABBF2A6ED9EC00642656 /* StudyMemberInfoView.swift */; };
		16E2ABC22A6EED3900642656 /* UIColor+Extention.swift in Sources */ = {isa = PBXBuildFile; fileRef = 16E2ABC12A6EED3900642656 /* UIColor+Extention.swift */; };
		16E2ABC42A6EF24400642656 /* Size+Extention.swift in Sources */ = {isa = PBXBuildFile; fileRef = 16E2ABC32A6EF24400642656 /* Size+Extention.swift */; };
		16E2ABC62A6F0A0100642656 /* EditMemberInfoView.swift in Sources */ = {isa = PBXBuildFile; fileRef = 16E2ABC52A6F0A0100642656 /* EditMemberInfoView.swift */; };
		16E2ABC92A700DF900642656 /* BasePaddingLabel.swift in Sources */ = {isa = PBXBuildFile; fileRef = 16E2ABC82A700DF900642656 /* BasePaddingLabel.swift */; };
		16E2ABD22A75603600642656 /* User+CoreDataClass.swift in Sources */ = {isa = PBXBuildFile; fileRef = 16E2ABCA2A75603600642656 /* User+CoreDataClass.swift */; };
		16E2ABD32A75603600642656 /* User+CoreDataProperties.swift in Sources */ = {isa = PBXBuildFile; fileRef = 16E2ABCB2A75603600642656 /* User+CoreDataProperties.swift */; };
		16E2ABD42A75603600642656 /* Study+CoreDataClass.swift in Sources */ = {isa = PBXBuildFile; fileRef = 16E2ABCC2A75603600642656 /* Study+CoreDataClass.swift */; };
		16E2ABD52A75603600642656 /* Study+CoreDataProperties.swift in Sources */ = {isa = PBXBuildFile; fileRef = 16E2ABCD2A75603600642656 /* Study+CoreDataProperties.swift */; };
		16E2ABD62A75603600642656 /* Content+CoreDataClass.swift in Sources */ = {isa = PBXBuildFile; fileRef = 16E2ABCE2A75603600642656 /* Content+CoreDataClass.swift */; };
		16E2ABD72A75603600642656 /* Content+CoreDataProperties.swift in Sources */ = {isa = PBXBuildFile; fileRef = 16E2ABCF2A75603600642656 /* Content+CoreDataProperties.swift */; };
		16E2ABD82A75603600642656 /* ContentUser+CoreDataClass.swift in Sources */ = {isa = PBXBuildFile; fileRef = 16E2ABD02A75603600642656 /* ContentUser+CoreDataClass.swift */; };
		16E2ABD92A75603600642656 /* ContentUser+CoreDataProperties.swift in Sources */ = {isa = PBXBuildFile; fileRef = 16E2ABD12A75603600642656 /* ContentUser+CoreDataProperties.swift */; };
		16E2B0F82A16257800596257 /* AddTitleTableViewCell.swift in Sources */ = {isa = PBXBuildFile; fileRef = 16E2B0F62A16257800596257 /* AddTitleTableViewCell.swift */; };
		16E2B0F92A16257800596257 /* AddTitleTableViewCell.xib in Resources */ = {isa = PBXBuildFile; fileRef = 16E2B0F72A16257800596257 /* AddTitleTableViewCell.xib */; };
		16E2B0FC2A162E9B00596257 /* CoreData.xcdatamodeld in Sources */ = {isa = PBXBuildFile; fileRef = 16E2B0FA2A162E9B00596257 /* CoreData.xcdatamodeld */; };
		16E2B1022A16320600596257 /* CoreDataManager.swift in Sources */ = {isa = PBXBuildFile; fileRef = 16E2B1012A16320600596257 /* CoreDataManager.swift */; };
		16E2B1282A17657000596257 /* Helper.swift in Sources */ = {isa = PBXBuildFile; fileRef = 16E2B1272A17657000596257 /* Helper.swift */; };
		16E2B12E2A1CC1CE00596257 /* DetailTitleTableViewCell.swift in Sources */ = {isa = PBXBuildFile; fileRef = 16E2B12C2A1CC1CE00596257 /* DetailTitleTableViewCell.swift */; };
		16E2B12F2A1CC1CE00596257 /* DetailTitleTableViewCell.xib in Resources */ = {isa = PBXBuildFile; fileRef = 16E2B12D2A1CC1CE00596257 /* DetailTitleTableViewCell.xib */; };
		16E2B1322A1CC1E400596257 /* DetailAnnouncementTableViewCell.swift in Sources */ = {isa = PBXBuildFile; fileRef = 16E2B1302A1CC1E400596257 /* DetailAnnouncementTableViewCell.swift */; };
		16E2B1332A1CC1E400596257 /* DetailAnnouncementTableViewCell.xib in Resources */ = {isa = PBXBuildFile; fileRef = 16E2B1312A1CC1E400596257 /* DetailAnnouncementTableViewCell.xib */; };
		16E2B1362A1CC1FC00596257 /* DetailCommonSetInfoTableViewCell.swift in Sources */ = {isa = PBXBuildFile; fileRef = 16E2B1342A1CC1FC00596257 /* DetailCommonSetInfoTableViewCell.swift */; };
		16E2B1372A1CC1FC00596257 /* DetailCommonSetInfoTableViewCell.xib in Resources */ = {isa = PBXBuildFile; fileRef = 16E2B1352A1CC1FC00596257 /* DetailCommonSetInfoTableViewCell.xib */; };
		16E2B13C2A1CC21800596257 /* DetailMemberTableViewCell.swift in Sources */ = {isa = PBXBuildFile; fileRef = 16E2B13A2A1CC21800596257 /* DetailMemberTableViewCell.swift */; };
		16E2B13D2A1CC21800596257 /* DetailMemberTableViewCell.xib in Resources */ = {isa = PBXBuildFile; fileRef = 16E2B13B2A1CC21800596257 /* DetailMemberTableViewCell.xib */; };
		16E2B1402A1CCE1200596257 /* DetailMemberInfoTableViewCell.swift in Sources */ = {isa = PBXBuildFile; fileRef = 16E2B13E2A1CCE1200596257 /* DetailMemberInfoTableViewCell.swift */; };
		16E2B1412A1CCE1200596257 /* DetailMemberInfoTableViewCell.xib in Resources */ = {isa = PBXBuildFile; fileRef = 16E2B13F2A1CCE1200596257 /* DetailMemberInfoTableViewCell.xib */; };
		16E2B1462A1F5EA100596257 /* AddMemberInfoTableViewCell.swift in Sources */ = {isa = PBXBuildFile; fileRef = 16E2B1442A1F5EA100596257 /* AddMemberInfoTableViewCell.swift */; };
		16E2B14C2A1F65C000596257 /* BottomSheetViewController.swift in Sources */ = {isa = PBXBuildFile; fileRef = 16E2B14A2A1F65C000596257 /* BottomSheetViewController.swift */; };
		16E2B14F2A1F65F300596257 /* BottomSheetViewController.storyboard in Resources */ = {isa = PBXBuildFile; fileRef = 16E2B14E2A1F65F300596257 /* BottomSheetViewController.storyboard */; };
		16E2B1622A26701E00596257 /* AddMemberInfoTableViewCell.xib in Resources */ = {isa = PBXBuildFile; fileRef = 16E2B1612A26701E00596257 /* AddMemberInfoTableViewCell.xib */; };
		16E2B16A2A28E5A100596257 /* ViewModelBindableType.swift in Sources */ = {isa = PBXBuildFile; fileRef = 16E2B1692A28E5A100596257 /* ViewModelBindableType.swift */; };
		16E2B16C2A28EA8300596257 /* StudyComposeViewModel.swift in Sources */ = {isa = PBXBuildFile; fileRef = 16E2B16B2A28EA8300596257 /* StudyComposeViewModel.swift */; };
		16E765CC29B8AC0D00C12AA3 /* DetailStudyViewController.storyboard in Resources */ = {isa = PBXBuildFile; fileRef = 16E765CB29B8AC0D00C12AA3 /* DetailStudyViewController.storyboard */; };
		16E765CE29B8AC1900C12AA3 /* DetailStudyViewController.swift in Sources */ = {isa = PBXBuildFile; fileRef = 16E765CD29B8AC1900C12AA3 /* DetailStudyViewController.swift */; };
		16F20C6E2A822D6000E863F5 /* ActivityIndicatorView.swift in Sources */ = {isa = PBXBuildFile; fileRef = 16F20C6D2A822D6000E863F5 /* ActivityIndicatorView.swift */; };
		16F20C722A8258CB00E863F5 /* LoadingIndicator.swift in Sources */ = {isa = PBXBuildFile; fileRef = 16F20C712A8258CB00E863F5 /* LoadingIndicator.swift */; };
		16F20C742A89F9AE00E863F5 /* NetworkCheck.swift in Sources */ = {isa = PBXBuildFile; fileRef = 16F20C732A89F9AE00E863F5 /* NetworkCheck.swift */; };
		16F20C992A8B87EB00E863F5 /* StudyListEmptyTableViewCell.swift in Sources */ = {isa = PBXBuildFile; fileRef = 16F20C972A8B87EA00E863F5 /* StudyListEmptyTableViewCell.swift */; };
		16F20C9A2A8B87EB00E863F5 /* StudyListEmptyTableViewCell.xib in Resources */ = {isa = PBXBuildFile; fileRef = 16F20C982A8B87EA00E863F5 /* StudyListEmptyTableViewCell.xib */; };
		16F20C9C2A8BED7700E863F5 /* AddContentViewController.storyboard in Resources */ = {isa = PBXBuildFile; fileRef = 16F20C9B2A8BED7700E863F5 /* AddContentViewController.storyboard */; };
		16F20C9E2A8BED8300E863F5 /* AddContentViewController.swift in Sources */ = {isa = PBXBuildFile; fileRef = 16F20C9D2A8BED8300E863F5 /* AddContentViewController.swift */; };
		16F20CA02A8BED8B00E863F5 /* MemberInfoView.swift in Sources */ = {isa = PBXBuildFile; fileRef = 16F20C9F2A8BED8B00E863F5 /* MemberInfoView.swift */; };
/* End PBXBuildFile section */

/* Begin PBXContainerItemProxy section */
		1638C19D2D4235C300EC08C6 /* PBXContainerItemProxy */ = {
			isa = PBXContainerItemProxy;
			containerPortal = 169A01FF29ACD4ED00C1B47B /* Project object */;
			proxyType = 1;
			remoteGlobalIDString = 169A020629ACD4ED00C1B47B;
			remoteInfo = BlogApp;
		};
/* End PBXContainerItemProxy section */

/* Begin PBXFileReference section */
		162C37A02A4233C500EE8260 /* Int+Extention.swift */ = {isa = PBXFileReference; lastKnownFileType = sourcecode.swift; path = "Int+Extention.swift"; sourceTree = "<group>"; };
		162E45D12A470F6700256862 /* AddStudyTypeTableViewCell.swift */ = {isa = PBXFileReference; lastKnownFileType = sourcecode.swift; path = AddStudyTypeTableViewCell.swift; sourceTree = "<group>"; };
		162E45D22A470F6700256862 /* AddStudyTypeTableViewCell.xib */ = {isa = PBXFileReference; lastKnownFileType = file.xib; path = AddStudyTypeTableViewCell.xib; sourceTree = "<group>"; };
		162E7F6E2A4F52FB00AF54CD /* ContentCollectionViewCell.swift */ = {isa = PBXFileReference; lastKnownFileType = sourcecode.swift; path = ContentCollectionViewCell.swift; sourceTree = "<group>"; };
		1638C1662D4216A200EC08C6 /* PostModel.swift */ = {isa = PBXFileReference; lastKnownFileType = sourcecode.swift; path = PostModel.swift; sourceTree = "<group>"; };
		1638C1682D42178D00EC08C6 /* Study+Extention.swift */ = {isa = PBXFileReference; lastKnownFileType = sourcecode.swift; path = "Study+Extention.swift"; sourceTree = "<group>"; };
		1638C16A2D421CE700EC08C6 /* Content+Extention.swift */ = {isa = PBXFileReference; lastKnownFileType = sourcecode.swift; path = "Content+Extention.swift"; sourceTree = "<group>"; };
		1638C16D2D4225BF00EC08C6 /* StudyRepository.swift */ = {isa = PBXFileReference; lastKnownFileType = sourcecode.swift; path = StudyRepository.swift; sourceTree = "<group>"; };
		1638C16F2D422D5300EC08C6 /* MockStudyRepository.swift */ = {isa = PBXFileReference; lastKnownFileType = sourcecode.swift; path = MockStudyRepository.swift; sourceTree = "<group>"; };
		1638C1992D4235C300EC08C6 /* BlogAppTests.xctest */ = {isa = PBXFileReference; explicitFileType = wrapper.cfbundle; includeInIndex = 0; path = BlogAppTests.xctest; sourceTree = BUILT_PRODUCTS_DIR; };
		1638C1E32D4243A500EC08C6 /* TestCoreDataManager.swift */ = {isa = PBXFileReference; lastKnownFileType = sourcecode.swift; path = TestCoreDataManager.swift; sourceTree = "<group>"; };
		1638C1E52D425B2100EC08C6 /* CoreDataTests.swift */ = {isa = PBXFileReference; lastKnownFileType = sourcecode.swift; path = CoreDataTests.swift; sourceTree = "<group>"; };
		1638C1E72D437C7400EC08C6 /* test.json */ = {isa = PBXFileReference; lastKnownFileType = text.json; path = test.json; sourceTree = "<group>"; };
		1638C1EA2D438F1700EC08C6 /* CrawlingTests.swift */ = {isa = PBXFileReference; lastKnownFileType = sourcecode.swift; path = CrawlingTests.swift; sourceTree = "<group>"; };
		165488842A5BF14100A9925E /* ViewController+Extension.swift */ = {isa = PBXFileReference; lastKnownFileType = sourcecode.swift; path = "ViewController+Extension.swift"; sourceTree = "<group>"; };
		166DEC7A2A3C470700A59B8F /* ShareContentViewController.swift */ = {isa = PBXFileReference; lastKnownFileType = sourcecode.swift; path = ShareContentViewController.swift; sourceTree = "<group>"; };
		166DEC7C2A3C471D00A59B8F /* ShareContentViewController.storyboard */ = {isa = PBXFileReference; lastKnownFileType = file.storyboard; path = ShareContentViewController.storyboard; sourceTree = "<group>"; };
		166DEC7E2A3C500E00A59B8F /* ShareContentViewModel.swift */ = {isa = PBXFileReference; lastKnownFileType = sourcecode.swift; path = ShareContentViewModel.swift; sourceTree = "<group>"; };
		169A020729ACD4ED00C1B47B /* BlogApp.app */ = {isa = PBXFileReference; explicitFileType = wrapper.application; includeInIndex = 0; path = BlogApp.app; sourceTree = BUILT_PRODUCTS_DIR; };
		169A020A29ACD4ED00C1B47B /* AppDelegate.swift */ = {isa = PBXFileReference; lastKnownFileType = sourcecode.swift; path = AppDelegate.swift; sourceTree = "<group>"; };
		169A020C29ACD4ED00C1B47B /* SceneDelegate.swift */ = {isa = PBXFileReference; lastKnownFileType = sourcecode.swift; path = SceneDelegate.swift; sourceTree = "<group>"; };
		169A021329ACD4EE00C1B47B /* Assets.xcassets */ = {isa = PBXFileReference; lastKnownFileType = folder.assetcatalog; path = Assets.xcassets; sourceTree = "<group>"; };
		169A021629ACD4EE00C1B47B /* Base */ = {isa = PBXFileReference; lastKnownFileType = file.storyboard; name = Base; path = Base.lproj/LaunchScreen.storyboard; sourceTree = "<group>"; };
		169A021829ACD4EE00C1B47B /* Info.plist */ = {isa = PBXFileReference; lastKnownFileType = text.plist.xml; path = Info.plist; sourceTree = "<group>"; };
		169A021F29ACD54700C1B47B /* Intro.storyboard */ = {isa = PBXFileReference; lastKnownFileType = file.storyboard; path = Intro.storyboard; sourceTree = "<group>"; };
		169A022129ACD55300C1B47B /* IntroViewController.swift */ = {isa = PBXFileReference; lastKnownFileType = sourcecode.swift; path = IntroViewController.swift; sourceTree = "<group>"; };
		169A022529ACD6D700C1B47B /* SignUp.storyboard */ = {isa = PBXFileReference; lastKnownFileType = file.storyboard; path = SignUp.storyboard; sourceTree = "<group>"; };
		169A022729ACD6DF00C1B47B /* SignIn.storyboard */ = {isa = PBXFileReference; lastKnownFileType = file.storyboard; path = SignIn.storyboard; sourceTree = "<group>"; };
		169A022929ACD6ED00C1B47B /* SignUpViewController.swift */ = {isa = PBXFileReference; lastKnownFileType = sourcecode.swift; path = SignUpViewController.swift; sourceTree = "<group>"; };
		169A022B29ACD6F600C1B47B /* SignInViewController.swift */ = {isa = PBXFileReference; lastKnownFileType = sourcecode.swift; path = SignInViewController.swift; sourceTree = "<group>"; };
		169A022E29ACDA4800C1B47B /* StudyListViewController.storyboard */ = {isa = PBXFileReference; lastKnownFileType = file.storyboard; path = StudyListViewController.storyboard; sourceTree = "<group>"; };
		169A023029ACDA5000C1B47B /* StudyListViewController.swift */ = {isa = PBXFileReference; lastKnownFileType = sourcecode.swift; path = StudyListViewController.swift; sourceTree = "<group>"; };
		169A023329ACE1C300C1B47B /* AddStudyViewController.storyboard */ = {isa = PBXFileReference; lastKnownFileType = file.storyboard; path = AddStudyViewController.storyboard; sourceTree = "<group>"; };
		169A023529ACE1D300C1B47B /* AddStudyViewController.swift */ = {isa = PBXFileReference; lastKnownFileType = sourcecode.swift; path = AddStudyViewController.swift; sourceTree = "<group>"; };
		16B535072A34DA8F0030287C /* Date+Extention.swift */ = {isa = PBXFileReference; lastKnownFileType = sourcecode.swift; path = "Date+Extention.swift"; sourceTree = "<group>"; };
		16B535092A34E35B0030287C /* String+Extention.swift */ = {isa = PBXFileReference; lastKnownFileType = sourcecode.swift; path = "String+Extention.swift"; sourceTree = "<group>"; };
		16B535122A36FA3A0030287C /* UITableViewCell+Extention.swift */ = {isa = PBXFileReference; lastKnownFileType = sourcecode.swift; path = "UITableViewCell+Extention.swift"; sourceTree = "<group>"; };
		16C2FA132A6187F200A58AF3 /* NewContentViewModel.swift */ = {isa = PBXFileReference; lastKnownFileType = sourcecode.swift; path = NewContentViewModel.swift; sourceTree = "<group>"; };
		16CFAFDA2A138C2A00D49904 /* CrawlingManager.swift */ = {isa = PBXFileReference; lastKnownFileType = sourcecode.swift; path = CrawlingManager.swift; sourceTree = "<group>"; };
		16CFAFE62A1395ED00D49904 /* AddAnnouncementTableViewCell.swift */ = {isa = PBXFileReference; lastKnownFileType = sourcecode.swift; path = AddAnnouncementTableViewCell.swift; sourceTree = "<group>"; };
		16CFAFE72A1395ED00D49904 /* AddAnnouncementTableViewCell.xib */ = {isa = PBXFileReference; lastKnownFileType = file.xib; path = AddAnnouncementTableViewCell.xib; sourceTree = "<group>"; };
		16CFAFEA2A13C78100D49904 /* AddCommonSetInfoTableViewCell.swift */ = {isa = PBXFileReference; lastKnownFileType = sourcecode.swift; path = AddCommonSetInfoTableViewCell.swift; sourceTree = "<group>"; };
		16CFAFEB2A13C78100D49904 /* AddCommonSetInfoTableViewCell.xib */ = {isa = PBXFileReference; lastKnownFileType = file.xib; path = AddCommonSetInfoTableViewCell.xib; sourceTree = "<group>"; };
		16CFAFF52A14ABAE00D49904 /* StudyDetailViewModel.swift */ = {isa = PBXFileReference; lastKnownFileType = sourcecode.swift; path = StudyDetailViewModel.swift; sourceTree = "<group>"; };
		16CFAFF92A14BC9200D49904 /* StudyListViewModel.swift */ = {isa = PBXFileReference; lastKnownFileType = sourcecode.swift; path = StudyListViewModel.swift; sourceTree = "<group>"; };
		16CFB0012A14EA6000D49904 /* StudyListTableViewCell.swift */ = {isa = PBXFileReference; lastKnownFileType = sourcecode.swift; path = StudyListTableViewCell.swift; sourceTree = "<group>"; };
		16CFB0022A14EA6000D49904 /* StudyListTableViewCell.xib */ = {isa = PBXFileReference; lastKnownFileType = file.xib; path = StudyListTableViewCell.xib; sourceTree = "<group>"; };
		16E2ABBF2A6ED9EC00642656 /* StudyMemberInfoView.swift */ = {isa = PBXFileReference; lastKnownFileType = sourcecode.swift; path = StudyMemberInfoView.swift; sourceTree = "<group>"; };
		16E2ABC12A6EED3900642656 /* UIColor+Extention.swift */ = {isa = PBXFileReference; lastKnownFileType = sourcecode.swift; path = "UIColor+Extention.swift"; sourceTree = "<group>"; };
		16E2ABC32A6EF24400642656 /* Size+Extention.swift */ = {isa = PBXFileReference; lastKnownFileType = sourcecode.swift; path = "Size+Extention.swift"; sourceTree = "<group>"; };
		16E2ABC52A6F0A0100642656 /* EditMemberInfoView.swift */ = {isa = PBXFileReference; lastKnownFileType = sourcecode.swift; path = EditMemberInfoView.swift; sourceTree = "<group>"; };
		16E2ABC82A700DF900642656 /* BasePaddingLabel.swift */ = {isa = PBXFileReference; lastKnownFileType = sourcecode.swift; path = BasePaddingLabel.swift; sourceTree = "<group>"; };
		16E2ABCA2A75603600642656 /* User+CoreDataClass.swift */ = {isa = PBXFileReference; lastKnownFileType = sourcecode.swift; path = "User+CoreDataClass.swift"; sourceTree = "<group>"; };
		16E2ABCB2A75603600642656 /* User+CoreDataProperties.swift */ = {isa = PBXFileReference; lastKnownFileType = sourcecode.swift; path = "User+CoreDataProperties.swift"; sourceTree = "<group>"; };
		16E2ABCC2A75603600642656 /* Study+CoreDataClass.swift */ = {isa = PBXFileReference; lastKnownFileType = sourcecode.swift; path = "Study+CoreDataClass.swift"; sourceTree = "<group>"; };
		16E2ABCD2A75603600642656 /* Study+CoreDataProperties.swift */ = {isa = PBXFileReference; lastKnownFileType = sourcecode.swift; path = "Study+CoreDataProperties.swift"; sourceTree = "<group>"; };
		16E2ABCE2A75603600642656 /* Content+CoreDataClass.swift */ = {isa = PBXFileReference; lastKnownFileType = sourcecode.swift; path = "Content+CoreDataClass.swift"; sourceTree = "<group>"; };
		16E2ABCF2A75603600642656 /* Content+CoreDataProperties.swift */ = {isa = PBXFileReference; lastKnownFileType = sourcecode.swift; path = "Content+CoreDataProperties.swift"; sourceTree = "<group>"; };
		16E2ABD02A75603600642656 /* ContentUser+CoreDataClass.swift */ = {isa = PBXFileReference; lastKnownFileType = sourcecode.swift; path = "ContentUser+CoreDataClass.swift"; sourceTree = "<group>"; };
		16E2ABD12A75603600642656 /* ContentUser+CoreDataProperties.swift */ = {isa = PBXFileReference; lastKnownFileType = sourcecode.swift; path = "ContentUser+CoreDataProperties.swift"; sourceTree = "<group>"; };
		16E2B0F62A16257800596257 /* AddTitleTableViewCell.swift */ = {isa = PBXFileReference; lastKnownFileType = sourcecode.swift; path = AddTitleTableViewCell.swift; sourceTree = "<group>"; };
		16E2B0F72A16257800596257 /* AddTitleTableViewCell.xib */ = {isa = PBXFileReference; lastKnownFileType = file.xib; path = AddTitleTableViewCell.xib; sourceTree = "<group>"; };
		16E2B0FB2A162E9B00596257 /* CoreData.xcdatamodel */ = {isa = PBXFileReference; lastKnownFileType = wrapper.xcdatamodel; path = CoreData.xcdatamodel; sourceTree = "<group>"; };
		16E2B1012A16320600596257 /* CoreDataManager.swift */ = {isa = PBXFileReference; lastKnownFileType = sourcecode.swift; path = CoreDataManager.swift; sourceTree = "<group>"; };
		16E2B1272A17657000596257 /* Helper.swift */ = {isa = PBXFileReference; lastKnownFileType = sourcecode.swift; path = Helper.swift; sourceTree = "<group>"; };
		16E2B12C2A1CC1CE00596257 /* DetailTitleTableViewCell.swift */ = {isa = PBXFileReference; lastKnownFileType = sourcecode.swift; path = DetailTitleTableViewCell.swift; sourceTree = "<group>"; };
		16E2B12D2A1CC1CE00596257 /* DetailTitleTableViewCell.xib */ = {isa = PBXFileReference; lastKnownFileType = file.xib; path = DetailTitleTableViewCell.xib; sourceTree = "<group>"; };
		16E2B1302A1CC1E400596257 /* DetailAnnouncementTableViewCell.swift */ = {isa = PBXFileReference; lastKnownFileType = sourcecode.swift; path = DetailAnnouncementTableViewCell.swift; sourceTree = "<group>"; };
		16E2B1312A1CC1E400596257 /* DetailAnnouncementTableViewCell.xib */ = {isa = PBXFileReference; lastKnownFileType = file.xib; path = DetailAnnouncementTableViewCell.xib; sourceTree = "<group>"; };
		16E2B1342A1CC1FC00596257 /* DetailCommonSetInfoTableViewCell.swift */ = {isa = PBXFileReference; lastKnownFileType = sourcecode.swift; path = DetailCommonSetInfoTableViewCell.swift; sourceTree = "<group>"; };
		16E2B1352A1CC1FC00596257 /* DetailCommonSetInfoTableViewCell.xib */ = {isa = PBXFileReference; lastKnownFileType = file.xib; path = DetailCommonSetInfoTableViewCell.xib; sourceTree = "<group>"; };
		16E2B13A2A1CC21800596257 /* DetailMemberTableViewCell.swift */ = {isa = PBXFileReference; lastKnownFileType = sourcecode.swift; path = DetailMemberTableViewCell.swift; sourceTree = "<group>"; };
		16E2B13B2A1CC21800596257 /* DetailMemberTableViewCell.xib */ = {isa = PBXFileReference; lastKnownFileType = file.xib; path = DetailMemberTableViewCell.xib; sourceTree = "<group>"; };
		16E2B13E2A1CCE1200596257 /* DetailMemberInfoTableViewCell.swift */ = {isa = PBXFileReference; lastKnownFileType = sourcecode.swift; path = DetailMemberInfoTableViewCell.swift; sourceTree = "<group>"; };
		16E2B13F2A1CCE1200596257 /* DetailMemberInfoTableViewCell.xib */ = {isa = PBXFileReference; lastKnownFileType = file.xib; path = DetailMemberInfoTableViewCell.xib; sourceTree = "<group>"; };
		16E2B1442A1F5EA100596257 /* AddMemberInfoTableViewCell.swift */ = {isa = PBXFileReference; lastKnownFileType = sourcecode.swift; path = AddMemberInfoTableViewCell.swift; sourceTree = "<group>"; };
		16E2B14A2A1F65C000596257 /* BottomSheetViewController.swift */ = {isa = PBXFileReference; lastKnownFileType = sourcecode.swift; path = BottomSheetViewController.swift; sourceTree = "<group>"; };
		16E2B14E2A1F65F300596257 /* BottomSheetViewController.storyboard */ = {isa = PBXFileReference; lastKnownFileType = file.storyboard; path = BottomSheetViewController.storyboard; sourceTree = "<group>"; };
		16E2B1612A26701E00596257 /* AddMemberInfoTableViewCell.xib */ = {isa = PBXFileReference; fileEncoding = 4; lastKnownFileType = file.xib; path = AddMemberInfoTableViewCell.xib; sourceTree = "<group>"; };
		16E2B1692A28E5A100596257 /* ViewModelBindableType.swift */ = {isa = PBXFileReference; lastKnownFileType = sourcecode.swift; path = ViewModelBindableType.swift; sourceTree = "<group>"; };
		16E2B16B2A28EA8300596257 /* StudyComposeViewModel.swift */ = {isa = PBXFileReference; lastKnownFileType = sourcecode.swift; path = StudyComposeViewModel.swift; sourceTree = "<group>"; };
		16E765CB29B8AC0D00C12AA3 /* DetailStudyViewController.storyboard */ = {isa = PBXFileReference; lastKnownFileType = file.storyboard; path = DetailStudyViewController.storyboard; sourceTree = "<group>"; };
		16E765CD29B8AC1900C12AA3 /* DetailStudyViewController.swift */ = {isa = PBXFileReference; lastKnownFileType = sourcecode.swift; path = DetailStudyViewController.swift; sourceTree = "<group>"; };
		16F20C6D2A822D6000E863F5 /* ActivityIndicatorView.swift */ = {isa = PBXFileReference; lastKnownFileType = sourcecode.swift; path = ActivityIndicatorView.swift; sourceTree = "<group>"; };
		16F20C712A8258CB00E863F5 /* LoadingIndicator.swift */ = {isa = PBXFileReference; lastKnownFileType = sourcecode.swift; path = LoadingIndicator.swift; sourceTree = "<group>"; };
		16F20C732A89F9AE00E863F5 /* NetworkCheck.swift */ = {isa = PBXFileReference; lastKnownFileType = sourcecode.swift; path = NetworkCheck.swift; sourceTree = "<group>"; };
		16F20C972A8B87EA00E863F5 /* StudyListEmptyTableViewCell.swift */ = {isa = PBXFileReference; lastKnownFileType = sourcecode.swift; path = StudyListEmptyTableViewCell.swift; sourceTree = "<group>"; };
		16F20C982A8B87EA00E863F5 /* StudyListEmptyTableViewCell.xib */ = {isa = PBXFileReference; lastKnownFileType = file.xib; path = StudyListEmptyTableViewCell.xib; sourceTree = "<group>"; };
		16F20C9B2A8BED7700E863F5 /* AddContentViewController.storyboard */ = {isa = PBXFileReference; fileEncoding = 4; lastKnownFileType = file.storyboard; path = AddContentViewController.storyboard; sourceTree = "<group>"; };
		16F20C9D2A8BED8300E863F5 /* AddContentViewController.swift */ = {isa = PBXFileReference; fileEncoding = 4; lastKnownFileType = sourcecode.swift; path = AddContentViewController.swift; sourceTree = "<group>"; };
		16F20C9F2A8BED8B00E863F5 /* MemberInfoView.swift */ = {isa = PBXFileReference; fileEncoding = 4; lastKnownFileType = sourcecode.swift; path = MemberInfoView.swift; sourceTree = "<group>"; };
/* End PBXFileReference section */

/* Begin PBXFrameworksBuildPhase section */
		1638C1962D4235C300EC08C6 /* Frameworks */ = {
			isa = PBXFrameworksBuildPhase;
			buildActionMask = 2147483647;
			files = (
			);
			runOnlyForDeploymentPostprocessing = 0;
		};
		169A020429ACD4ED00C1B47B /* Frameworks */ = {
			isa = PBXFrameworksBuildPhase;
			buildActionMask = 2147483647;
			files = (
				16C2FA122A6153A500A58AF3 /* LookinServer in Frameworks */,
				16C2FA0C2A61417E00A58AF3 /* SnapKit in Frameworks */,
				16CFAFD22A13853700D49904 /* SwiftSoup in Frameworks */,
				16CFAFD52A13854B00D49904 /* Alamofire in Frameworks */,
				16C2FA0F2A6141CE00A58AF3 /* Then in Frameworks */,
			);
			runOnlyForDeploymentPostprocessing = 0;
		};
/* End PBXFrameworksBuildPhase section */

/* Begin PBXGroup section */
		1638C16C2D4225B100EC08C6 /* Repository */ = {
			isa = PBXGroup;
			children = (
				1638C16D2D4225BF00EC08C6 /* StudyRepository.swift */,
			);
			path = Repository;
			sourceTree = "<group>";
		};
		1638C19A2D4235C300EC08C6 /* BlogAppTests */ = {
			isa = PBXGroup;
			children = (
				1638C16F2D422D5300EC08C6 /* MockStudyRepository.swift */,
				1638C1E52D425B2100EC08C6 /* CoreDataTests.swift */,
				1638C1EA2D438F1700EC08C6 /* CrawlingTests.swift */,
			);
			path = BlogAppTests;
			sourceTree = "<group>";
		};
		166DEC792A3C46A900A59B8F /* ShareContent */ = {
			isa = PBXGroup;
			children = (
				166DEC7A2A3C470700A59B8F /* ShareContentViewController.swift */,
				166DEC7C2A3C471D00A59B8F /* ShareContentViewController.storyboard */,
				162E7F6E2A4F52FB00AF54CD /* ContentCollectionViewCell.swift */,
			);
			path = ShareContent;
			sourceTree = "<group>";
		};
		168086632A136F4E007E1930 /* Disabled */ = {
			isa = PBXGroup;
			children = (
				169A021E29ACD53300C1B47B /* Intro */,
				169A022329ACD6BD00C1B47B /* SignUp */,
				169A022429ACD6C500C1B47B /* SignIn */,
			);
			path = Disabled;
			sourceTree = "<group>";
		};
		169A01FE29ACD4ED00C1B47B = {
			isa = PBXGroup;
			children = (
				1638C1E72D437C7400EC08C6 /* test.json */,
				16E2ABCA2A75603600642656 /* User+CoreDataClass.swift */,
				16E2ABCB2A75603600642656 /* User+CoreDataProperties.swift */,
				16E2ABCC2A75603600642656 /* Study+CoreDataClass.swift */,
				16E2ABCD2A75603600642656 /* Study+CoreDataProperties.swift */,
				16E2ABCE2A75603600642656 /* Content+CoreDataClass.swift */,
				16E2ABCF2A75603600642656 /* Content+CoreDataProperties.swift */,
				16E2ABD02A75603600642656 /* ContentUser+CoreDataClass.swift */,
				16E2ABD12A75603600642656 /* ContentUser+CoreDataProperties.swift */,
				169A020929ACD4ED00C1B47B /* BlogApp */,
				1638C19A2D4235C300EC08C6 /* BlogAppTests */,
				169A020829ACD4ED00C1B47B /* Products */,
			);
			sourceTree = "<group>";
		};
		169A020829ACD4ED00C1B47B /* Products */ = {
			isa = PBXGroup;
			children = (
				169A020729ACD4ED00C1B47B /* BlogApp.app */,
				1638C1992D4235C300EC08C6 /* BlogAppTests.xctest */,
			);
			name = Products;
			sourceTree = "<group>";
		};
		169A020929ACD4ED00C1B47B /* BlogApp */ = {
			isa = PBXGroup;
			children = (
				16E2ABC72A700DD500642656 /* Custom */,
				16B535062A34DA610030287C /* Extension */,
				16E2B0FA2A162E9B00596257 /* CoreData.xcdatamodeld */,
				16CFAFD92A138B3B00D49904 /* Manager */,
				1638C16C2D4225B100EC08C6 /* Repository */,
				16CFAFD82A138ADF00D49904 /* ViewModels */,
				16CFAFD72A138AD200D49904 /* Models */,
				16CFAFD62A138ACC00D49904 /* Views+Controllers */,
				169A020A29ACD4ED00C1B47B /* AppDelegate.swift */,
				169A020C29ACD4ED00C1B47B /* SceneDelegate.swift */,
				169A021329ACD4EE00C1B47B /* Assets.xcassets */,
				169A021529ACD4EE00C1B47B /* LaunchScreen.storyboard */,
				169A021829ACD4EE00C1B47B /* Info.plist */,
				168086632A136F4E007E1930 /* Disabled */,
				16E2B1272A17657000596257 /* Helper.swift */,
			);
			path = BlogApp;
			sourceTree = "<group>";
		};
		169A021E29ACD53300C1B47B /* Intro */ = {
			isa = PBXGroup;
			children = (
				169A022129ACD55300C1B47B /* IntroViewController.swift */,
				169A021F29ACD54700C1B47B /* Intro.storyboard */,
			);
			path = Intro;
			sourceTree = "<group>";
		};
		169A022329ACD6BD00C1B47B /* SignUp */ = {
			isa = PBXGroup;
			children = (
				169A022929ACD6ED00C1B47B /* SignUpViewController.swift */,
				169A022529ACD6D700C1B47B /* SignUp.storyboard */,
			);
			path = SignUp;
			sourceTree = "<group>";
		};
		169A022429ACD6C500C1B47B /* SignIn */ = {
			isa = PBXGroup;
			children = (
				169A022B29ACD6F600C1B47B /* SignInViewController.swift */,
				169A022729ACD6DF00C1B47B /* SignIn.storyboard */,
			);
			path = SignIn;
			sourceTree = "<group>";
		};
		16B535062A34DA610030287C /* Extension */ = {
			isa = PBXGroup;
			children = (
				16B535072A34DA8F0030287C /* Date+Extention.swift */,
				16B535092A34E35B0030287C /* String+Extention.swift */,
				162C37A02A4233C500EE8260 /* Int+Extention.swift */,
				16B535122A36FA3A0030287C /* UITableViewCell+Extention.swift */,
				165488842A5BF14100A9925E /* ViewController+Extension.swift */,
				16E2ABC12A6EED3900642656 /* UIColor+Extention.swift */,
				16E2ABC32A6EF24400642656 /* Size+Extention.swift */,
			);
			path = Extension;
			sourceTree = "<group>";
		};
		16C2FA012A61294400A58AF3 /* AddContent */ = {
			isa = PBXGroup;
			children = (
				16F20C9F2A8BED8B00E863F5 /* MemberInfoView.swift */,
				16F20C9D2A8BED8300E863F5 /* AddContentViewController.swift */,
				16F20C9B2A8BED7700E863F5 /* AddContentViewController.storyboard */,
			);
			path = AddContent;
			sourceTree = "<group>";
		};
		16CFAFD62A138ACC00D49904 /* Views+Controllers */ = {
			isa = PBXGroup;
			children = (
				16E2B12A2A1CBFC100596257 /* StudyList */,
				16E2B1292A1CBFA900596257 /* AddStudy */,
				16E2B12B2A1CBFD200596257 /* DetailStudy */,
				16E2B1492A1F659200596257 /* BottonSheet */,
				16C2FA012A61294400A58AF3 /* AddContent */,
				166DEC792A3C46A900A59B8F /* ShareContent */,
			);
			path = "Views+Controllers";
			sourceTree = "<group>";
		};
		16CFAFD72A138AD200D49904 /* Models */ = {
			isa = PBXGroup;
			children = (
				1638C1662D4216A200EC08C6 /* PostModel.swift */,
				1638C1682D42178D00EC08C6 /* Study+Extention.swift */,
				1638C16A2D421CE700EC08C6 /* Content+Extention.swift */,
			);
			name = Models;
			sourceTree = "<group>";
		};
		16CFAFD82A138ADF00D49904 /* ViewModels */ = {
			isa = PBXGroup;
			children = (
				16CFAFF92A14BC9200D49904 /* StudyListViewModel.swift */,
				16E2B16B2A28EA8300596257 /* StudyComposeViewModel.swift */,
				16CFAFF52A14ABAE00D49904 /* StudyDetailViewModel.swift */,
				16C2FA132A6187F200A58AF3 /* NewContentViewModel.swift */,
				166DEC7E2A3C500E00A59B8F /* ShareContentViewModel.swift */,
				16E2B1692A28E5A100596257 /* ViewModelBindableType.swift */,
			);
			path = ViewModels;
			sourceTree = "<group>";
		};
		16CFAFD92A138B3B00D49904 /* Manager */ = {
			isa = PBXGroup;
			children = (
				1638C1E32D4243A500EC08C6 /* TestCoreDataManager.swift */,
				16CFAFDA2A138C2A00D49904 /* CrawlingManager.swift */,
				16E2B1012A16320600596257 /* CoreDataManager.swift */,
				16F20C732A89F9AE00E863F5 /* NetworkCheck.swift */,
			);
			path = Manager;
			sourceTree = "<group>";
		};
		16E2ABC72A700DD500642656 /* Custom */ = {
			isa = PBXGroup;
			children = (
				16E2ABC82A700DF900642656 /* BasePaddingLabel.swift */,
				16F20C6D2A822D6000E863F5 /* ActivityIndicatorView.swift */,
				16F20C712A8258CB00E863F5 /* LoadingIndicator.swift */,
			);
			path = Custom;
			sourceTree = "<group>";
		};
		16E2B1292A1CBFA900596257 /* AddStudy */ = {
			isa = PBXGroup;
			children = (
				16E2ABC52A6F0A0100642656 /* EditMemberInfoView.swift */,
				169A023529ACE1D300C1B47B /* AddStudyViewController.swift */,
				169A023329ACE1C300C1B47B /* AddStudyViewController.storyboard */,
				162E45D12A470F6700256862 /* AddStudyTypeTableViewCell.swift */,
				162E45D22A470F6700256862 /* AddStudyTypeTableViewCell.xib */,
				16E2B0F62A16257800596257 /* AddTitleTableViewCell.swift */,
				16E2B0F72A16257800596257 /* AddTitleTableViewCell.xib */,
				16CFAFE62A1395ED00D49904 /* AddAnnouncementTableViewCell.swift */,
				16CFAFE72A1395ED00D49904 /* AddAnnouncementTableViewCell.xib */,
				16CFAFEA2A13C78100D49904 /* AddCommonSetInfoTableViewCell.swift */,
				16CFAFEB2A13C78100D49904 /* AddCommonSetInfoTableViewCell.xib */,
				16E2B1442A1F5EA100596257 /* AddMemberInfoTableViewCell.swift */,
				16E2B1612A26701E00596257 /* AddMemberInfoTableViewCell.xib */,
			);
			path = AddStudy;
			sourceTree = "<group>";
		};
		16E2B12A2A1CBFC100596257 /* StudyList */ = {
			isa = PBXGroup;
			children = (
				169A023029ACDA5000C1B47B /* StudyListViewController.swift */,
				169A022E29ACDA4800C1B47B /* StudyListViewController.storyboard */,
				16CFB0012A14EA6000D49904 /* StudyListTableViewCell.swift */,
				16CFB0022A14EA6000D49904 /* StudyListTableViewCell.xib */,
				16F20C972A8B87EA00E863F5 /* StudyListEmptyTableViewCell.swift */,
				16F20C982A8B87EA00E863F5 /* StudyListEmptyTableViewCell.xib */,
			);
			path = StudyList;
			sourceTree = "<group>";
		};
		16E2B12B2A1CBFD200596257 /* DetailStudy */ = {
			isa = PBXGroup;
			children = (
				16E2ABBF2A6ED9EC00642656 /* StudyMemberInfoView.swift */,
				16E765CD29B8AC1900C12AA3 /* DetailStudyViewController.swift */,
				16E765CB29B8AC0D00C12AA3 /* DetailStudyViewController.storyboard */,
				16E2B12C2A1CC1CE00596257 /* DetailTitleTableViewCell.swift */,
				16E2B12D2A1CC1CE00596257 /* DetailTitleTableViewCell.xib */,
				16E2B1302A1CC1E400596257 /* DetailAnnouncementTableViewCell.swift */,
				16E2B1312A1CC1E400596257 /* DetailAnnouncementTableViewCell.xib */,
				16E2B1342A1CC1FC00596257 /* DetailCommonSetInfoTableViewCell.swift */,
				16E2B1352A1CC1FC00596257 /* DetailCommonSetInfoTableViewCell.xib */,
				16E2B13A2A1CC21800596257 /* DetailMemberTableViewCell.swift */,
				16E2B13B2A1CC21800596257 /* DetailMemberTableViewCell.xib */,
				16E2B13E2A1CCE1200596257 /* DetailMemberInfoTableViewCell.swift */,
				16E2B13F2A1CCE1200596257 /* DetailMemberInfoTableViewCell.xib */,
			);
			path = DetailStudy;
			sourceTree = "<group>";
		};
		16E2B1492A1F659200596257 /* BottonSheet */ = {
			isa = PBXGroup;
			children = (
				16E2B14A2A1F65C000596257 /* BottomSheetViewController.swift */,
				16E2B14E2A1F65F300596257 /* BottomSheetViewController.storyboard */,
			);
			path = BottonSheet;
			sourceTree = "<group>";
		};
/* End PBXGroup section */

/* Begin PBXNativeTarget section */
		1638C1982D4235C300EC08C6 /* BlogAppTests */ = {
			isa = PBXNativeTarget;
			buildConfigurationList = 1638C19F2D4235C300EC08C6 /* Build configuration list for PBXNativeTarget "BlogAppTests" */;
			buildPhases = (
				1638C1952D4235C300EC08C6 /* Sources */,
				1638C1962D4235C300EC08C6 /* Frameworks */,
				1638C1972D4235C300EC08C6 /* Resources */,
			);
			buildRules = (
			);
			dependencies = (
				1638C19E2D4235C300EC08C6 /* PBXTargetDependency */,
			);
			name = BlogAppTests;
			productName = BlogAppTests;
			productReference = 1638C1992D4235C300EC08C6 /* BlogAppTests.xctest */;
			productType = "com.apple.product-type.bundle.unit-test";
		};
		169A020629ACD4ED00C1B47B /* BlogApp */ = {
			isa = PBXNativeTarget;
			buildConfigurationList = 169A021B29ACD4EE00C1B47B /* Build configuration list for PBXNativeTarget "BlogApp" */;
			buildPhases = (
				169A020329ACD4ED00C1B47B /* Sources */,
				169A020429ACD4ED00C1B47B /* Frameworks */,
				169A020529ACD4ED00C1B47B /* Resources */,
			);
			buildRules = (
			);
			dependencies = (
			);
			name = BlogApp;
			packageProductDependencies = (
				16CFAFD12A13853700D49904 /* SwiftSoup */,
				16CFAFD42A13854B00D49904 /* Alamofire */,
				16C2FA0B2A61417E00A58AF3 /* SnapKit */,
				16C2FA0E2A6141CE00A58AF3 /* Then */,
				16C2FA112A6153A500A58AF3 /* LookinServer */,
			);
			productName = BlogApp;
			productReference = 169A020729ACD4ED00C1B47B /* BlogApp.app */;
			productType = "com.apple.product-type.application";
		};
/* End PBXNativeTarget section */

/* Begin PBXProject section */
		169A01FF29ACD4ED00C1B47B /* Project object */ = {
			isa = PBXProject;
			attributes = {
				BuildIndependentTargetsInParallel = 1;
				LastSwiftUpdateCheck = 1500;
				LastUpgradeCheck = 1340;
				TargetAttributes = {
					1638C1982D4235C300EC08C6 = {
						CreatedOnToolsVersion = 15.0;
						TestTargetID = 169A020629ACD4ED00C1B47B;
					};
					169A020629ACD4ED00C1B47B = {
						CreatedOnToolsVersion = 13.4;
					};
				};
			};
			buildConfigurationList = 169A020229ACD4ED00C1B47B /* Build configuration list for PBXProject "BlogApp" */;
			compatibilityVersion = "Xcode 13.0";
			developmentRegion = en;
			hasScannedForEncodings = 0;
			knownRegions = (
				en,
				Base,
			);
			mainGroup = 169A01FE29ACD4ED00C1B47B;
			packageReferences = (
				16CFAFD02A13853700D49904 /* XCRemoteSwiftPackageReference "SwiftSoup" */,
				16CFAFD32A13854B00D49904 /* XCRemoteSwiftPackageReference "Alamofire" */,
				16C2FA0A2A61417E00A58AF3 /* XCRemoteSwiftPackageReference "SnapKit" */,
				16C2FA0D2A6141CD00A58AF3 /* XCRemoteSwiftPackageReference "Then" */,
				16C2FA102A6153A500A58AF3 /* XCRemoteSwiftPackageReference "LookinServer" */,
			);
			productRefGroup = 169A020829ACD4ED00C1B47B /* Products */;
			projectDirPath = "";
			projectRoot = "";
			targets = (
				169A020629ACD4ED00C1B47B /* BlogApp */,
				1638C1982D4235C300EC08C6 /* BlogAppTests */,
			);
		};
/* End PBXProject section */

/* Begin PBXResourcesBuildPhase section */
		1638C1972D4235C300EC08C6 /* Resources */ = {
			isa = PBXResourcesBuildPhase;
			buildActionMask = 2147483647;
			files = (
			);
			runOnlyForDeploymentPostprocessing = 0;
		};
		169A020529ACD4ED00C1B47B /* Resources */ = {
			isa = PBXResourcesBuildPhase;
			buildActionMask = 2147483647;
			files = (
				16E2B1412A1CCE1200596257 /* DetailMemberInfoTableViewCell.xib in Resources */,
				16CFAFED2A13C78100D49904 /* AddCommonSetInfoTableViewCell.xib in Resources */,
				169A021729ACD4EE00C1B47B /* LaunchScreen.storyboard in Resources */,
				16E765CC29B8AC0D00C12AA3 /* DetailStudyViewController.storyboard in Resources */,
				16E2B1332A1CC1E400596257 /* DetailAnnouncementTableViewCell.xib in Resources */,
				16F20C9C2A8BED7700E863F5 /* AddContentViewController.storyboard in Resources */,
				16E2B12F2A1CC1CE00596257 /* DetailTitleTableViewCell.xib in Resources */,
				169A022829ACD6DF00C1B47B /* SignIn.storyboard in Resources */,
				169A021429ACD4EE00C1B47B /* Assets.xcassets in Resources */,
				16F20C9A2A8B87EB00E863F5 /* StudyListEmptyTableViewCell.xib in Resources */,
				16E2B14F2A1F65F300596257 /* BottomSheetViewController.storyboard in Resources */,
				166DEC7D2A3C471D00A59B8F /* ShareContentViewController.storyboard in Resources */,
				169A023429ACE1C300C1B47B /* AddStudyViewController.storyboard in Resources */,
				16E2B13D2A1CC21800596257 /* DetailMemberTableViewCell.xib in Resources */,
				162E45D42A470F6700256862 /* AddStudyTypeTableViewCell.xib in Resources */,
				169A022629ACD6D700C1B47B /* SignUp.storyboard in Resources */,
				169A022F29ACDA4800C1B47B /* StudyListViewController.storyboard in Resources */,
				16CFAFE92A1395ED00D49904 /* AddAnnouncementTableViewCell.xib in Resources */,
				16E2B1622A26701E00596257 /* AddMemberInfoTableViewCell.xib in Resources */,
				16E2B1372A1CC1FC00596257 /* DetailCommonSetInfoTableViewCell.xib in Resources */,
				16E2B0F92A16257800596257 /* AddTitleTableViewCell.xib in Resources */,
				169A022029ACD54700C1B47B /* Intro.storyboard in Resources */,
				16CFB0042A14EA6000D49904 /* StudyListTableViewCell.xib in Resources */,
			);
			runOnlyForDeploymentPostprocessing = 0;
		};
/* End PBXResourcesBuildPhase section */

/* Begin PBXSourcesBuildPhase section */
		1638C1952D4235C300EC08C6 /* Sources */ = {
			isa = PBXSourcesBuildPhase;
			buildActionMask = 2147483647;
			files = (
				1638C1EB2D438F1700EC08C6 /* CrawlingTests.swift in Sources */,
				1638C1E62D425B2100EC08C6 /* CoreDataTests.swift in Sources */,
				1638C1A52D42387D00EC08C6 /* MockStudyRepository.swift in Sources */,
			);
			runOnlyForDeploymentPostprocessing = 0;
		};
		169A020329ACD4ED00C1B47B /* Sources */ = {
			isa = PBXSourcesBuildPhase;
			buildActionMask = 2147483647;
			files = (
				169A023629ACE1D300C1B47B /* AddStudyViewController.swift in Sources */,
				169A020B29ACD4ED00C1B47B /* AppDelegate.swift in Sources */,
				16E2ABD32A75603600642656 /* User+CoreDataProperties.swift in Sources */,
				169A020D29ACD4ED00C1B47B /* SceneDelegate.swift in Sources */,
				16CFB0032A14EA6000D49904 /* StudyListTableViewCell.swift in Sources */,
				16E2B1322A1CC1E400596257 /* DetailAnnouncementTableViewCell.swift in Sources */,
				16E2ABD72A75603600642656 /* Content+CoreDataProperties.swift in Sources */,
				16E2ABD22A75603600642656 /* User+CoreDataClass.swift in Sources */,
				16E2B16C2A28EA8300596257 /* StudyComposeViewModel.swift in Sources */,
				16B5350A2A34E35B0030287C /* String+Extention.swift in Sources */,
				169A022A29ACD6ED00C1B47B /* SignUpViewController.swift in Sources */,
				16E2ABC62A6F0A0100642656 /* EditMemberInfoView.swift in Sources */,
				166DEC7F2A3C500E00A59B8F /* ShareContentViewModel.swift in Sources */,
				16E2B1362A1CC1FC00596257 /* DetailCommonSetInfoTableViewCell.swift in Sources */,
				16E2B1282A17657000596257 /* Helper.swift in Sources */,
				169A022C29ACD6F600C1B47B /* SignInViewController.swift in Sources */,
				16F20C6E2A822D6000E863F5 /* ActivityIndicatorView.swift in Sources */,
				16E765CE29B8AC1900C12AA3 /* DetailStudyViewController.swift in Sources */,
				16C2FA142A6187F200A58AF3 /* NewContentViewModel.swift in Sources */,
				16E2ABD82A75603600642656 /* ContentUser+CoreDataClass.swift in Sources */,
				16CFAFEC2A13C78100D49904 /* AddCommonSetInfoTableViewCell.swift in Sources */,
				16E2B16A2A28E5A100596257 /* ViewModelBindableType.swift in Sources */,
				16E2ABC22A6EED3900642656 /* UIColor+Extention.swift in Sources */,
				1638C16B2D421CE700EC08C6 /* Content+Extention.swift in Sources */,
				169A023129ACDA5000C1B47B /* StudyListViewController.swift in Sources */,
				16E2ABC92A700DF900642656 /* BasePaddingLabel.swift in Sources */,
				16E2B12E2A1CC1CE00596257 /* DetailTitleTableViewCell.swift in Sources */,
				16E2B1462A1F5EA100596257 /* AddMemberInfoTableViewCell.swift in Sources */,
				16CFAFFA2A14BC9200D49904 /* StudyListViewModel.swift in Sources */,
				16E2ABD62A75603600642656 /* Content+CoreDataClass.swift in Sources */,
				16CFAFDB2A138C2A00D49904 /* CrawlingManager.swift in Sources */,
				1638C1EC2D43930900EC08C6 /* TestCoreDataManager.swift in Sources */,
				1638C1692D42178D00EC08C6 /* Study+Extention.swift in Sources */,
				16F20C992A8B87EB00E863F5 /* StudyListEmptyTableViewCell.swift in Sources */,
				16E2ABD92A75603600642656 /* ContentUser+CoreDataProperties.swift in Sources */,
				16F20C9E2A8BED8300E863F5 /* AddContentViewController.swift in Sources */,
				16B535132A36FA3A0030287C /* UITableViewCell+Extention.swift in Sources */,
				16E2B13C2A1CC21800596257 /* DetailMemberTableViewCell.swift in Sources */,
				1638C1672D4216A200EC08C6 /* PostModel.swift in Sources */,
				16F20C742A89F9AE00E863F5 /* NetworkCheck.swift in Sources */,
				166DEC7B2A3C470700A59B8F /* ShareContentViewController.swift in Sources */,
				16E2ABD52A75603600642656 /* Study+CoreDataProperties.swift in Sources */,
				162C37A12A4233C500EE8260 /* Int+Extention.swift in Sources */,
				16E2B0FC2A162E9B00596257 /* CoreData.xcdatamodeld in Sources */,
				16E2B1402A1CCE1200596257 /* DetailMemberInfoTableViewCell.swift in Sources */,
				16E2ABD42A75603600642656 /* Study+CoreDataClass.swift in Sources */,
				169A022229ACD55300C1B47B /* IntroViewController.swift in Sources */,
				16E2B1022A16320600596257 /* CoreDataManager.swift in Sources */,
				16E2ABC02A6ED9EC00642656 /* StudyMemberInfoView.swift in Sources */,
				165488852A5BF14100A9925E /* ViewController+Extension.swift in Sources */,
				16CFAFE82A1395ED00D49904 /* AddAnnouncementTableViewCell.swift in Sources */,
				16E2B14C2A1F65C000596257 /* BottomSheetViewController.swift in Sources */,
				16E2ABC42A6EF24400642656 /* Size+Extention.swift in Sources */,
				16E2B0F82A16257800596257 /* AddTitleTableViewCell.swift in Sources */,
				16F20CA02A8BED8B00E863F5 /* MemberInfoView.swift in Sources */,
				16B535082A34DA8F0030287C /* Date+Extention.swift in Sources */,
				16F20C722A8258CB00E863F5 /* LoadingIndicator.swift in Sources */,
				162E7F6F2A4F52FB00AF54CD /* ContentCollectionViewCell.swift in Sources */,
				1638C16E2D4225BF00EC08C6 /* StudyRepository.swift in Sources */,
				16CFAFF62A14ABAE00D49904 /* StudyDetailViewModel.swift in Sources */,
				162E45D32A470F6700256862 /* AddStudyTypeTableViewCell.swift in Sources */,
			);
			runOnlyForDeploymentPostprocessing = 0;
		};
/* End PBXSourcesBuildPhase section */

/* Begin PBXTargetDependency section */
		1638C19E2D4235C300EC08C6 /* PBXTargetDependency */ = {
			isa = PBXTargetDependency;
			target = 169A020629ACD4ED00C1B47B /* BlogApp */;
			targetProxy = 1638C19D2D4235C300EC08C6 /* PBXContainerItemProxy */;
		};
/* End PBXTargetDependency section */

/* Begin PBXVariantGroup section */
		169A021529ACD4EE00C1B47B /* LaunchScreen.storyboard */ = {
			isa = PBXVariantGroup;
			children = (
				169A021629ACD4EE00C1B47B /* Base */,
			);
			name = LaunchScreen.storyboard;
			sourceTree = "<group>";
		};
/* End PBXVariantGroup section */

/* Begin XCBuildConfiguration section */
		1638C1A02D4235C300EC08C6 /* Debug */ = {
			isa = XCBuildConfiguration;
			buildSettings = {
				ASSETCATALOG_COMPILER_GENERATE_SWIFT_ASSET_SYMBOL_EXTENSIONS = YES;
				BUNDLE_LOADER = "$(TEST_HOST)";
				CLANG_CXX_LANGUAGE_STANDARD = "gnu++20";
				CODE_SIGN_STYLE = Automatic;
				CURRENT_PROJECT_VERSION = 1;
				DEVELOPMENT_TEAM = U5MDQP9G89;
				ENABLE_USER_SCRIPT_SANDBOXING = YES;
				GCC_C_LANGUAGE_STANDARD = gnu17;
				GENERATE_INFOPLIST_FILE = YES;
				IPHONEOS_DEPLOYMENT_TARGET = 14.0;
				LOCALIZATION_PREFERS_STRING_CATALOGS = YES;
				MARKETING_VERSION = 1.0;
				PRODUCT_BUNDLE_IDENTIFIER = kw.BlogAppTests;
				"PRODUCT_BUNDLE_IDENTIFIER[sdk=iphoneos*]" = com.pkw.BlogApp;
				PRODUCT_NAME = "$(TARGET_NAME)";
				SWIFT_ACTIVE_COMPILATION_CONDITIONS = "DEBUG $(inherited)";
				SWIFT_EMIT_LOC_STRINGS = NO;
				SWIFT_VERSION = 5.0;
				TARGETED_DEVICE_FAMILY = "1,2";
				TEST_HOST = "$(BUILT_PRODUCTS_DIR)/BlogApp.app/$(BUNDLE_EXECUTABLE_FOLDER_PATH)/BlogApp";
			};
			name = Debug;
		};
		1638C1A12D4235C300EC08C6 /* Release */ = {
			isa = XCBuildConfiguration;
			buildSettings = {
				ASSETCATALOG_COMPILER_GENERATE_SWIFT_ASSET_SYMBOL_EXTENSIONS = YES;
				BUNDLE_LOADER = "$(TEST_HOST)";
				CLANG_CXX_LANGUAGE_STANDARD = "gnu++20";
				CODE_SIGN_STYLE = Automatic;
				CURRENT_PROJECT_VERSION = 1;
				DEVELOPMENT_TEAM = U5MDQP9G89;
				ENABLE_USER_SCRIPT_SANDBOXING = YES;
				GCC_C_LANGUAGE_STANDARD = gnu17;
				GENERATE_INFOPLIST_FILE = YES;
				IPHONEOS_DEPLOYMENT_TARGET = 14.0;
				LOCALIZATION_PREFERS_STRING_CATALOGS = YES;
				MARKETING_VERSION = 1.0;
				PRODUCT_BUNDLE_IDENTIFIER = kw.BlogAppTests;
				"PRODUCT_BUNDLE_IDENTIFIER[sdk=iphoneos*]" = com.pkw.BlogApp;
				PRODUCT_NAME = "$(TARGET_NAME)";
				SWIFT_EMIT_LOC_STRINGS = NO;
				SWIFT_VERSION = 5.0;
				TARGETED_DEVICE_FAMILY = "1,2";
				TEST_HOST = "$(BUILT_PRODUCTS_DIR)/BlogApp.app/$(BUNDLE_EXECUTABLE_FOLDER_PATH)/BlogApp";
			};
			name = Release;
		};
		169A021929ACD4EE00C1B47B /* Debug */ = {
			isa = XCBuildConfiguration;
			buildSettings = {
				ALWAYS_SEARCH_USER_PATHS = NO;
				CLANG_ANALYZER_NONNULL = YES;
				CLANG_ANALYZER_NUMBER_OBJECT_CONVERSION = YES_AGGRESSIVE;
				CLANG_CXX_LANGUAGE_STANDARD = "gnu++17";
				CLANG_ENABLE_MODULES = YES;
				CLANG_ENABLE_OBJC_ARC = YES;
				CLANG_ENABLE_OBJC_WEAK = YES;
				CLANG_WARN_BLOCK_CAPTURE_AUTORELEASING = YES;
				CLANG_WARN_BOOL_CONVERSION = YES;
				CLANG_WARN_COMMA = YES;
				CLANG_WARN_CONSTANT_CONVERSION = YES;
				CLANG_WARN_DEPRECATED_OBJC_IMPLEMENTATIONS = YES;
				CLANG_WARN_DIRECT_OBJC_ISA_USAGE = YES_ERROR;
				CLANG_WARN_DOCUMENTATION_COMMENTS = YES;
				CLANG_WARN_EMPTY_BODY = YES;
				CLANG_WARN_ENUM_CONVERSION = YES;
				CLANG_WARN_INFINITE_RECURSION = YES;
				CLANG_WARN_INT_CONVERSION = YES;
				CLANG_WARN_NON_LITERAL_NULL_CONVERSION = YES;
				CLANG_WARN_OBJC_IMPLICIT_RETAIN_SELF = YES;
				CLANG_WARN_OBJC_LITERAL_CONVERSION = YES;
				CLANG_WARN_OBJC_ROOT_CLASS = YES_ERROR;
				CLANG_WARN_QUOTED_INCLUDE_IN_FRAMEWORK_HEADER = YES;
				CLANG_WARN_RANGE_LOOP_ANALYSIS = YES;
				CLANG_WARN_STRICT_PROTOTYPES = YES;
				CLANG_WARN_SUSPICIOUS_MOVE = YES;
				CLANG_WARN_UNGUARDED_AVAILABILITY = YES_AGGRESSIVE;
				CLANG_WARN_UNREACHABLE_CODE = YES;
				CLANG_WARN__DUPLICATE_METHOD_MATCH = YES;
				COPY_PHASE_STRIP = NO;
				DEBUG_INFORMATION_FORMAT = dwarf;
				ENABLE_STRICT_OBJC_MSGSEND = YES;
				ENABLE_TESTABILITY = YES;
				GCC_C_LANGUAGE_STANDARD = gnu11;
				GCC_DYNAMIC_NO_PIC = NO;
				GCC_NO_COMMON_BLOCKS = YES;
				GCC_OPTIMIZATION_LEVEL = 0;
				GCC_PREPROCESSOR_DEFINITIONS = (
					"DEBUG=1",
					"$(inherited)",
				);
				GCC_WARN_64_TO_32_BIT_CONVERSION = YES;
				GCC_WARN_ABOUT_RETURN_TYPE = YES_ERROR;
				GCC_WARN_UNDECLARED_SELECTOR = YES;
				GCC_WARN_UNINITIALIZED_AUTOS = YES_AGGRESSIVE;
				GCC_WARN_UNUSED_FUNCTION = YES;
				GCC_WARN_UNUSED_VARIABLE = YES;
				IPHONEOS_DEPLOYMENT_TARGET = 14.0;
				MTL_ENABLE_DEBUG_INFO = INCLUDE_SOURCE;
				MTL_FAST_MATH = YES;
				ONLY_ACTIVE_ARCH = YES;
				SDKROOT = iphoneos;
				SWIFT_ACTIVE_COMPILATION_CONDITIONS = DEBUG;
				SWIFT_OPTIMIZATION_LEVEL = "-Onone";
			};
			name = Debug;
		};
		169A021A29ACD4EE00C1B47B /* Release */ = {
			isa = XCBuildConfiguration;
			buildSettings = {
				ALWAYS_SEARCH_USER_PATHS = NO;
				CLANG_ANALYZER_NONNULL = YES;
				CLANG_ANALYZER_NUMBER_OBJECT_CONVERSION = YES_AGGRESSIVE;
				CLANG_CXX_LANGUAGE_STANDARD = "gnu++17";
				CLANG_ENABLE_MODULES = YES;
				CLANG_ENABLE_OBJC_ARC = YES;
				CLANG_ENABLE_OBJC_WEAK = YES;
				CLANG_WARN_BLOCK_CAPTURE_AUTORELEASING = YES;
				CLANG_WARN_BOOL_CONVERSION = YES;
				CLANG_WARN_COMMA = YES;
				CLANG_WARN_CONSTANT_CONVERSION = YES;
				CLANG_WARN_DEPRECATED_OBJC_IMPLEMENTATIONS = YES;
				CLANG_WARN_DIRECT_OBJC_ISA_USAGE = YES_ERROR;
				CLANG_WARN_DOCUMENTATION_COMMENTS = YES;
				CLANG_WARN_EMPTY_BODY = YES;
				CLANG_WARN_ENUM_CONVERSION = YES;
				CLANG_WARN_INFINITE_RECURSION = YES;
				CLANG_WARN_INT_CONVERSION = YES;
				CLANG_WARN_NON_LITERAL_NULL_CONVERSION = YES;
				CLANG_WARN_OBJC_IMPLICIT_RETAIN_SELF = YES;
				CLANG_WARN_OBJC_LITERAL_CONVERSION = YES;
				CLANG_WARN_OBJC_ROOT_CLASS = YES_ERROR;
				CLANG_WARN_QUOTED_INCLUDE_IN_FRAMEWORK_HEADER = YES;
				CLANG_WARN_RANGE_LOOP_ANALYSIS = YES;
				CLANG_WARN_STRICT_PROTOTYPES = YES;
				CLANG_WARN_SUSPICIOUS_MOVE = YES;
				CLANG_WARN_UNGUARDED_AVAILABILITY = YES_AGGRESSIVE;
				CLANG_WARN_UNREACHABLE_CODE = YES;
				CLANG_WARN__DUPLICATE_METHOD_MATCH = YES;
				COPY_PHASE_STRIP = NO;
				DEBUG_INFORMATION_FORMAT = "dwarf-with-dsym";
				ENABLE_NS_ASSERTIONS = NO;
				ENABLE_STRICT_OBJC_MSGSEND = YES;
				GCC_C_LANGUAGE_STANDARD = gnu11;
				GCC_NO_COMMON_BLOCKS = YES;
				GCC_WARN_64_TO_32_BIT_CONVERSION = YES;
				GCC_WARN_ABOUT_RETURN_TYPE = YES_ERROR;
				GCC_WARN_UNDECLARED_SELECTOR = YES;
				GCC_WARN_UNINITIALIZED_AUTOS = YES_AGGRESSIVE;
				GCC_WARN_UNUSED_FUNCTION = YES;
				GCC_WARN_UNUSED_VARIABLE = YES;
				IPHONEOS_DEPLOYMENT_TARGET = 14.0;
				MTL_ENABLE_DEBUG_INFO = NO;
				MTL_FAST_MATH = YES;
				SDKROOT = iphoneos;
				SWIFT_COMPILATION_MODE = wholemodule;
				SWIFT_OPTIMIZATION_LEVEL = "-O";
				VALIDATE_PRODUCT = YES;
			};
			name = Release;
		};
		169A021C29ACD4EE00C1B47B /* Debug */ = {
			isa = XCBuildConfiguration;
			buildSettings = {
				ASSETCATALOG_COMPILER_APPICON_NAME = AppIcon;
				ASSETCATALOG_COMPILER_GLOBAL_ACCENT_COLOR_NAME = AccentColor;
				CODE_SIGN_STYLE = Automatic;
				CURRENT_PROJECT_VERSION = 1;
				DEVELOPMENT_TEAM = U5MDQP9G89;
				GENERATE_INFOPLIST_FILE = YES;
				INFOPLIST_FILE = BlogApp/Info.plist;
				INFOPLIST_KEY_CFBundleDisplayName = "블첵";
				INFOPLIST_KEY_LSApplicationCategoryType = "public.app-category.lifestyle";
				INFOPLIST_KEY_UIApplicationSupportsIndirectInputEvents = YES;
				INFOPLIST_KEY_UILaunchStoryboardName = LaunchScreen;
				INFOPLIST_KEY_UIMainStoryboardFile = StudyListViewController;
				INFOPLIST_KEY_UISupportedInterfaceOrientations = UIInterfaceOrientationPortrait;
				IPHONEOS_DEPLOYMENT_TARGET = 14.0;
				LD_RUNPATH_SEARCH_PATHS = (
					"$(inherited)",
					"@executable_path/Frameworks",
				);
				MARKETING_VERSION = 1.0;
				PRODUCT_BUNDLE_IDENTIFIER = com.pkw.BlogApp;
				PRODUCT_NAME = "$(TARGET_NAME)";
				SWIFT_EMIT_LOC_STRINGS = YES;
				SWIFT_VERSION = 5.0;
				TARGETED_DEVICE_FAMILY = "1,2";
			};
			name = Debug;
		};
		169A021D29ACD4EE00C1B47B /* Release */ = {
			isa = XCBuildConfiguration;
			buildSettings = {
				ASSETCATALOG_COMPILER_APPICON_NAME = AppIcon;
				ASSETCATALOG_COMPILER_GLOBAL_ACCENT_COLOR_NAME = AccentColor;
				CODE_SIGN_STYLE = Automatic;
				CURRENT_PROJECT_VERSION = 1;
				DEVELOPMENT_TEAM = U5MDQP9G89;
				GENERATE_INFOPLIST_FILE = YES;
				INFOPLIST_FILE = BlogApp/Info.plist;
				INFOPLIST_KEY_CFBundleDisplayName = "블첵";
				INFOPLIST_KEY_LSApplicationCategoryType = "public.app-category.lifestyle";
				INFOPLIST_KEY_UIApplicationSupportsIndirectInputEvents = YES;
				INFOPLIST_KEY_UILaunchStoryboardName = LaunchScreen;
				INFOPLIST_KEY_UIMainStoryboardFile = StudyListViewController;
				INFOPLIST_KEY_UISupportedInterfaceOrientations = UIInterfaceOrientationPortrait;
				IPHONEOS_DEPLOYMENT_TARGET = 14.0;
				LD_RUNPATH_SEARCH_PATHS = (
					"$(inherited)",
					"@executable_path/Frameworks",
				);
				MARKETING_VERSION = 1.0;
				PRODUCT_BUNDLE_IDENTIFIER = com.pkw.BlogApp;
				PRODUCT_NAME = "$(TARGET_NAME)";
				SWIFT_EMIT_LOC_STRINGS = YES;
				SWIFT_VERSION = 5.0;
				TARGETED_DEVICE_FAMILY = "1,2";
			};
			name = Release;
		};
/* End XCBuildConfiguration section */

/* Begin XCConfigurationList section */
		1638C19F2D4235C300EC08C6 /* Build configuration list for PBXNativeTarget "BlogAppTests" */ = {
			isa = XCConfigurationList;
			buildConfigurations = (
				1638C1A02D4235C300EC08C6 /* Debug */,
				1638C1A12D4235C300EC08C6 /* Release */,
			);
			defaultConfigurationIsVisible = 0;
			defaultConfigurationName = Release;
		};
		169A020229ACD4ED00C1B47B /* Build configuration list for PBXProject "BlogApp" */ = {
			isa = XCConfigurationList;
			buildConfigurations = (
				169A021929ACD4EE00C1B47B /* Debug */,
				169A021A29ACD4EE00C1B47B /* Release */,
			);
			defaultConfigurationIsVisible = 0;
			defaultConfigurationName = Release;
		};
		169A021B29ACD4EE00C1B47B /* Build configuration list for PBXNativeTarget "BlogApp" */ = {
			isa = XCConfigurationList;
			buildConfigurations = (
				169A021C29ACD4EE00C1B47B /* Debug */,
				169A021D29ACD4EE00C1B47B /* Release */,
			);
			defaultConfigurationIsVisible = 0;
			defaultConfigurationName = Release;
		};
/* End XCConfigurationList section */

/* Begin XCRemoteSwiftPackageReference section */
		16C2FA0A2A61417E00A58AF3 /* XCRemoteSwiftPackageReference "SnapKit" */ = {
			isa = XCRemoteSwiftPackageReference;
			repositoryURL = "https://github.com/SnapKit/SnapKit.git";
			requirement = {
				kind = upToNextMajorVersion;
				minimumVersion = 5.0.0;
			};
		};
		16C2FA0D2A6141CD00A58AF3 /* XCRemoteSwiftPackageReference "Then" */ = {
			isa = XCRemoteSwiftPackageReference;
			repositoryURL = "https://github.com/devxoul/Then";
			requirement = {
				kind = upToNextMajorVersion;
				minimumVersion = 3.0.0;
			};
		};
		16C2FA102A6153A500A58AF3 /* XCRemoteSwiftPackageReference "LookinServer" */ = {
			isa = XCRemoteSwiftPackageReference;
			repositoryURL = "https://github.com/QMUI/LookinServer/";
			requirement = {
				kind = upToNextMajorVersion;
				minimumVersion = 1.0.0;
			};
		};
		16CFAFD02A13853700D49904 /* XCRemoteSwiftPackageReference "SwiftSoup" */ = {
			isa = XCRemoteSwiftPackageReference;
			repositoryURL = "https://github.com/scinfu/SwiftSoup.git";
			requirement = {
				kind = upToNextMinorVersion;
				minimumVersion = 2.5.3;
			};
		};
		16CFAFD32A13854B00D49904 /* XCRemoteSwiftPackageReference "Alamofire" */ = {
			isa = XCRemoteSwiftPackageReference;
			repositoryURL = "https://github.com/Alamofire/Alamofire.git";
			requirement = {
				kind = upToNextMajorVersion;
				minimumVersion = 5.0.0;
			};
		};
/* End XCRemoteSwiftPackageReference section */

/* Begin XCSwiftPackageProductDependency section */
		16C2FA0B2A61417E00A58AF3 /* SnapKit */ = {
			isa = XCSwiftPackageProductDependency;
			package = 16C2FA0A2A61417E00A58AF3 /* XCRemoteSwiftPackageReference "SnapKit" */;
			productName = SnapKit;
		};
		16C2FA0E2A6141CE00A58AF3 /* Then */ = {
			isa = XCSwiftPackageProductDependency;
			package = 16C2FA0D2A6141CD00A58AF3 /* XCRemoteSwiftPackageReference "Then" */;
			productName = Then;
		};
		16C2FA112A6153A500A58AF3 /* LookinServer */ = {
			isa = XCSwiftPackageProductDependency;
			package = 16C2FA102A6153A500A58AF3 /* XCRemoteSwiftPackageReference "LookinServer" */;
			productName = LookinServer;
		};
		16CFAFD12A13853700D49904 /* SwiftSoup */ = {
			isa = XCSwiftPackageProductDependency;
			package = 16CFAFD02A13853700D49904 /* XCRemoteSwiftPackageReference "SwiftSoup" */;
			productName = SwiftSoup;
		};
		16CFAFD42A13854B00D49904 /* Alamofire */ = {
			isa = XCSwiftPackageProductDependency;
			package = 16CFAFD32A13854B00D49904 /* XCRemoteSwiftPackageReference "Alamofire" */;
			productName = Alamofire;
		};
/* End XCSwiftPackageProductDependency section */

/* Begin XCVersionGroup section */
		16E2B0FA2A162E9B00596257 /* CoreData.xcdatamodeld */ = {
			isa = XCVersionGroup;
			children = (
				16E2B0FB2A162E9B00596257 /* CoreData.xcdatamodel */,
			);
			currentVersion = 16E2B0FB2A162E9B00596257 /* CoreData.xcdatamodel */;
			path = CoreData.xcdatamodeld;
			sourceTree = "<group>";
			versionGroupType = wrapper.xcdatamodel;
		};
/* End XCVersionGroup section */
	};
	rootObject = 169A01FF29ACD4ED00C1B47B /* Project object */;
}
